
Microsoft Visual Studio Solution File, Format Version 12.00
# Visual Studio 15
VisualStudioVersion = 15.0.28307.421
MinimumVisualStudioVersion = 10.0.40219.1
Project("{FAE04EC0-301F-11D3-BF4B-00C04F79EFBC}") = "RemoteHello", "RemoteHello\RemoteHello.csproj", "{0BF3C7EA-0F91-48D3-9EC3-ADB51E8EEEFB}"
EndProject
Global
	GlobalSection(SolutionConfigurationPlatforms) = preSolution
		Debug|Any CPU = Debug|Any CPU
		Release|Any CPU = Release|Any CPU
	EndGlobalSection
	GlobalSection(ProjectConfigurationPlatforms) = postSolution
		{0BF3C7EA-0F91-48D3-9EC3-ADB51E8EEEFB}.Debug|Any CPU.ActiveCfg = Debug|Any CPU
		{0BF3C7EA-0F91-48D3-9EC3-ADB51E8EEEFB}.Debug|Any CPU.Build.0 = Debug|Any CPU
		{0BF3C7EA-0F91-48D3-9EC3-ADB51E8EEEFB}.Release|Any CPU.ActiveCfg = Release|Any CPU
		{0BF3C7EA-0F91-48D3-9EC3-ADB51E8EEEFB}.Release|Any CPU.Build.0 = Release|Any CPU
	EndGlobalSection
	GlobalSection(SolutionProperties) = preSolution
		HideSolutionNode = FALSE
	EndGlobalSection
	GlobalSection(ExtensibilityGlobals) = postSolution
		SolutionGuid = {71C8A420-B189-4328-AFBF-63BFBF895CC4}
	EndGlobalSection
EndGlobal
